// !$*UTF8*$!
{
	archiveVersion = 1;
	classes = {
	};
	objectVersion = 50;
	objects = {

/* Begin PBXBuildFile section */
		45D4322F26D7B24100B25A0E /* AppDelegate.swift in Sources */ = {isa = PBXBuildFile; fileRef = 45D4322E26D7B24100B25A0E /* AppDelegate.swift */; };
		45D4323126D7B24100B25A0E /* SceneDelegate.swift in Sources */ = {isa = PBXBuildFile; fileRef = 45D4323026D7B24100B25A0E /* SceneDelegate.swift */; };
		45D4323326D7B24100B25A0E /* ViewController.swift in Sources */ = {isa = PBXBuildFile; fileRef = 45D4323226D7B24100B25A0E /* ViewController.swift */; };
		45D4323626D7B24100B25A0E /* Main.storyboard in Resources */ = {isa = PBXBuildFile; fileRef = 45D4323426D7B24100B25A0E /* Main.storyboard */; };
		45D4323926D7B24200B25A0E /* myNote.xcdatamodeld in Sources */ = {isa = PBXBuildFile; fileRef = 45D4323726D7B24100B25A0E /* myNote.xcdatamodeld */; };
		45D4323B26D7B24A00B25A0E /* Assets.xcassets in Resources */ = {isa = PBXBuildFile; fileRef = 45D4323A26D7B24A00B25A0E /* Assets.xcassets */; };
		45D4324926D7B3F900B25A0E /* LaunchScreen.storyboard in Resources */ = {isa = PBXBuildFile; fileRef = 45D4324826D7B3F900B25A0E /* LaunchScreen.storyboard */; };
/* End PBXBuildFile section */

/* Begin PBXFileReference section */
		45D4322B26D7B24100B25A0E /* myNote.app */ = {isa = PBXFileReference; explicitFileType = wrapper.application; includeInIndex = 0; path = myNote.app; sourceTree = BUILT_PRODUCTS_DIR; };
		45D4322E26D7B24100B25A0E /* AppDelegate.swift */ = {isa = PBXFileReference; lastKnownFileType = sourcecode.swift; path = AppDelegate.swift; sourceTree = "<group>"; };
		45D4323026D7B24100B25A0E /* SceneDelegate.swift */ = {isa = PBXFileReference; lastKnownFileType = sourcecode.swift; path = SceneDelegate.swift; sourceTree = "<group>"; };
		45D4323226D7B24100B25A0E /* ViewController.swift */ = {isa = PBXFileReference; lastKnownFileType = sourcecode.swift; path = ViewController.swift; sourceTree = "<group>"; };
		45D4323526D7B24100B25A0E /* Base */ = {isa = PBXFileReference; lastKnownFileType = file.storyboard; name = Base; path = Base.lproj/Main.storyboard; sourceTree = "<group>"; };
		45D4323826D7B24100B25A0E /* myNote.xcdatamodel */ = {isa = PBXFileReference; lastKnownFileType = wrapper.xcdatamodel; path = myNote.xcdatamodel; sourceTree = "<group>"; };
		45D4323A26D7B24A00B25A0E /* Assets.xcassets */ = {isa = PBXFileReference; lastKnownFileType = folder.assetcatalog; path = Assets.xcassets; sourceTree = "<group>"; };
		45D4323F26D7B24B00B25A0E /* Info.plist */ = {isa = PBXFileReference; lastKnownFileType = text.plist.xml; path = Info.plist; sourceTree = "<group>"; };
		45D4324826D7B3F900B25A0E /* LaunchScreen.storyboard */ = {isa = PBXFileReference; fileEncoding = 4; lastKnownFileType = file.storyboard; path = LaunchScreen.storyboard; sourceTree = "<group>"; };
/* End PBXFileReference section */

/* Begin PBXFrameworksBuildPhase section */
		45D4322826D7B24100B25A0E /* Frameworks */ = {
			isa = PBXFrameworksBuildPhase;
			buildActionMask = 2147483647;
			files = (
			);
			runOnlyForDeploymentPostprocessing = 0;
		};
/* End PBXFrameworksBuildPhase section */

/* Begin PBXGroup section */
		45D4322226D7B24100B25A0E = {
			isa = PBXGroup;
			children = (
				45D4322D26D7B24100B25A0E /* myNote */,
				45D4322C26D7B24100B25A0E /* Products */,
			);
			sourceTree = "<group>";
		};
		45D4322C26D7B24100B25A0E /* Products */ = {
			isa = PBXGroup;
			children = (
				45D4322B26D7B24100B25A0E /* myNote.app */,
			);
			name = Products;
			sourceTree = "<group>";
		};
		45D4322D26D7B24100B25A0E /* myNote */ = {
			isa = PBXGroup;
			children = (
				45D4322E26D7B24100B25A0E /* AppDelegate.swift */,
				45D4323026D7B24100B25A0E /* SceneDelegate.swift */,
				45D4324526D7B36700B25A0E /* Model */,
				45D4324626D7B37500B25A0E /* View */,
				45D4324726D7B38100B25A0E /* Controller */,
				45D4323A26D7B24A00B25A0E /* Assets.xcassets */,
				45D4324826D7B3F900B25A0E /* LaunchScreen.storyboard */,
				45D4323F26D7B24B00B25A0E /* Info.plist */,
			);
			path = myNote;
			sourceTree = "<group>";
		};
		45D4324526D7B36700B25A0E /* Model */ = {
			isa = PBXGroup;
			children = (
				45D4323726D7B24100B25A0E /* myNote.xcdatamodeld */,
			);
			path = Model;
			sourceTree = "<group>";
		};
		45D4324626D7B37500B25A0E /* View */ = {
			isa = PBXGroup;
			children = (
				45D4323426D7B24100B25A0E /* Main.storyboard */,
			);
			path = View;
			sourceTree = "<group>";
		};
		45D4324726D7B38100B25A0E /* Controller */ = {
			isa = PBXGroup;
			children = (
				45D4323226D7B24100B25A0E /* ViewController.swift */,
			);
			path = Controller;
			sourceTree = "<group>";
		};
/* End PBXGroup section */

/* Begin PBXNativeTarget section */
		45D4322A26D7B24100B25A0E /* myNote */ = {
			isa = PBXNativeTarget;
			buildConfigurationList = 45D4324226D7B24B00B25A0E /* Build configuration list for PBXNativeTarget "myNote" */;
			buildPhases = (
				45D4322726D7B24100B25A0E /* Sources */,
				45D4322826D7B24100B25A0E /* Frameworks */,
				45D4322926D7B24100B25A0E /* Resources */,
			);
			buildRules = (
			);
			dependencies = (
			);
			name = myNote;
			productName = myNote;
			productReference = 45D4322B26D7B24100B25A0E /* myNote.app */;
			productType = "com.apple.product-type.application";
		};
/* End PBXNativeTarget section */

/* Begin PBXProject section */
		45D4322326D7B24100B25A0E /* Project object */ = {
			isa = PBXProject;
			attributes = {
				LastSwiftUpdateCheck = 1250;
				LastUpgradeCheck = 1250;
				TargetAttributes = {
					45D4322A26D7B24100B25A0E = {
						CreatedOnToolsVersion = 12.5.1;
					};
				};
			};
			buildConfigurationList = 45D4322626D7B24100B25A0E /* Build configuration list for PBXProject "myNote" */;
			compatibilityVersion = "Xcode 9.3";
			developmentRegion = en;
			hasScannedForEncodings = 0;
			knownRegions = (
				en,
				Base,
			);
			mainGroup = 45D4322226D7B24100B25A0E;
			productRefGroup = 45D4322C26D7B24100B25A0E /* Products */;
			projectDirPath = "";
			projectRoot = "";
			targets = (
				45D4322A26D7B24100B25A0E /* myNote */,
			);
		};
/* End PBXProject section */

/* Begin PBXResourcesBuildPhase section */
		45D4322926D7B24100B25A0E /* Resources */ = {
			isa = PBXResourcesBuildPhase;
			buildActionMask = 2147483647;
			files = (
				45D4324926D7B3F900B25A0E /* LaunchScreen.storyboard in Resources */,
				45D4323B26D7B24A00B25A0E /* Assets.xcassets in Resources */,
				45D4323626D7B24100B25A0E /* Main.storyboard in Resources */,
			);
			runOnlyForDeploymentPostprocessing = 0;
		};
/* End PBXResourcesBuildPhase section */

/* Begin PBXSourcesBuildPhase section */
		45D4322726D7B24100B25A0E /* Sources */ = {
			isa = PBXSourcesBuildPhase;
			buildActionMask = 2147483647;
			files = (
				45D4323326D7B24100B25A0E /* ViewController.swift in Sources */,
				45D4322F26D7B24100B25A0E /* AppDelegate.swift in Sources */,
				45D4323126D7B24100B25A0E /* SceneDelegate.swift in Sources */,
				45D4323926D7B24200B25A0E /* myNote.xcdatamodeld in Sources */,
			);
			runOnlyForDeploymentPostprocessing = 0;
		};
/* End PBXSourcesBuildPhase section */

/* Begin PBXVariantGroup section */
		45D4323426D7B24100B25A0E /* Main.storyboard */ = {
			isa = PBXVariantGroup;
			children = (
				45D4323526D7B24100B25A0E /* Base */,
			);
			name = Main.storyboard;
			sourceTree = "<group>";
		};
/* End PBXVariantGroup section */

/* Begin XCBuildConfiguration section */
		45D4324026D7B24B00B25A0E /* Debug */ = {
			isa = XCBuildConfiguration;
			buildSettings = {
				ALWAYS_SEARCH_USER_PATHS = NO;
				CLANG_ANALYZER_NONNULL = YES;
				CLANG_ANALYZER_NUMBER_OBJECT_CONVERSION = YES_AGGRESSIVE;
				CLANG_CXX_LANGUAGE_STANDARD = "gnu++14";
				CLANG_CXX_LIBRARY = "libc++";
				CLANG_ENABLE_MODULES = YES;
				CLANG_ENABLE_OBJC_ARC = YES;
				CLANG_ENABLE_OBJC_WEAK = YES;
				CLANG_WARN_BLOCK_CAPTURE_AUTORELEASING = YES;
				CLANG_WARN_BOOL_CONVERSION = YES;
				CLANG_WARN_COMMA = YES;
				CLANG_WARN_CONSTANT_CONVERSION = YES;
				CLANG_WARN_DEPRECATED_OBJC_IMPLEMENTATIONS = YES;
				CLANG_WARN_DIRECT_OBJC_ISA_USAGE = YES_ERROR;
				CLANG_WARN_DOCUMENTATION_COMMENTS = YES;
				CLANG_WARN_EMPTY_BODY = YES;
				CLANG_WARN_ENUM_CONVERSION = YES;
				CLANG_WARN_INFINITE_RECURSION = YES;
				CLANG_WARN_INT_CONVERSION = YES;
				CLANG_WARN_NON_LITERAL_NULL_CONVERSION = YES;
				CLANG_WARN_OBJC_IMPLICIT_RETAIN_SELF = YES;
				CLANG_WARN_OBJC_LITERAL_CONVERSION = YES;
				CLANG_WARN_OBJC_ROOT_CLASS = YES_ERROR;
				CLANG_WARN_QUOTED_INCLUDE_IN_FRAMEWORK_HEADER = YES;
				CLANG_WARN_RANGE_LOOP_ANALYSIS = YES;
				CLANG_WARN_STRICT_PROTOTYPES = YES;
				CLANG_WARN_SUSPICIOUS_MOVE = YES;
				CLANG_WARN_UNGUARDED_AVAILABILITY = YES_AGGRESSIVE;
				CLANG_WARN_UNREACHABLE_CODE = YES;
				CLANG_WARN__DUPLICATE_METHOD_MATCH = YES;
				COPY_PHASE_STRIP = NO;
				DEBUG_INFORMATION_FORMAT = dwarf;
				ENABLE_STRICT_OBJC_MSGSEND = YES;
				ENABLE_TESTABILITY = YES;
				GCC_C_LANGUAGE_STANDARD = gnu11;
				GCC_DYNAMIC_NO_PIC = NO;
				GCC_NO_COMMON_BLOCKS = YES;
				GCC_OPTIMIZATION_LEVEL = 0;
				GCC_PREPROCESSOR_DEFINITIONS = (
					"DEBUG=1",
					"$(inherited)",
				);
				GCC_WARN_64_TO_32_BIT_CONVERSION = YES;
				GCC_WARN_ABOUT_RETURN_TYPE = YES_ERROR;
				GCC_WARN_UNDECLARED_SELECTOR = YES;
				GCC_WARN_UNINITIALIZED_AUTOS = YES_AGGRESSIVE;
				GCC_WARN_UNUSED_FUNCTION = YES;
				GCC_WARN_UNUSED_VARIABLE = YES;
				IPHONEOS_DEPLOYMENT_TARGET = 14.5;
				MTL_ENABLE_DEBUG_INFO = INCLUDE_SOURCE;
				MTL_FAST_MATH = YES;
				ONLY_ACTIVE_ARCH = YES;
				SDKROOT = iphoneos;
				SWIFT_ACTIVE_COMPILATION_CONDITIONS = DEBUG;
				SWIFT_OPTIMIZATION_LEVEL = "-Onone";
			};
			name = Debug;
		};
		45D4324126D7B24B00B25A0E /* Release */ = {
			isa = XCBuildConfiguration;
			buildSettings = {
				ALWAYS_SEARCH_USER_PATHS = NO;
				CLANG_ANALYZER_NONNULL = YES;
				CLANG_ANALYZER_NUMBER_OBJECT_CONVERSION = YES_AGGRESSIVE;
				CLANG_CXX_LANGUAGE_STANDARD = "gnu++14";
				CLANG_CXX_LIBRARY = "libc++";
				CLANG_ENABLE_MODULES = YES;
				CLANG_ENABLE_OBJC_ARC = YES;
				CLANG_ENABLE_OBJC_WEAK = YES;
				CLANG_WARN_BLOCK_CAPTURE_AUTORELEASING = YES;
				CLANG_WARN_BOOL_CONVERSION = YES;
				CLANG_WARN_COMMA = YES;
				CLANG_WARN_CONSTANT_CONVERSION = YES;
				CLANG_WARN_DEPRECATED_OBJC_IMPLEMENTATIONS = YES;
				CLANG_WARN_DIRECT_OBJC_ISA_USAGE = YES_ERROR;
				CLANG_WARN_DOCUMENTATION_COMMENTS = YES;
				CLANG_WARN_EMPTY_BODY = YES;
				CLANG_WARN_ENUM_CONVERSION = YES;
				CLANG_WARN_INFINITE_RECURSION = YES;
				CLANG_WARN_INT_CONVERSION = YES;
				CLANG_WARN_NON_LITERAL_NULL_CONVERSION = YES;
				CLANG_WARN_OBJC_IMPLICIT_RETAIN_SELF = YES;
				CLANG_WARN_OBJC_LITERAL_CONVERSION = YES;
				CLANG_WARN_OBJC_ROOT_CLASS = YES_ERROR;
				CLANG_WARN_QUOTED_INCLUDE_IN_FRAMEWORK_HEADER = YES;
				CLANG_WARN_RANGE_LOOP_ANALYSIS = YES;
				CLANG_WARN_STRICT_PROTOTYPES = YES;
				CLANG_WARN_SUSPICIOUS_MOVE = YES;
				CLANG_WARN_UNGUARDED_AVAILABILITY = YES_AGGRESSIVE;
				CLANG_WARN_UNREACHABLE_CODE = YES;
				CLANG_WARN__DUPLICATE_METHOD_MATCH = YES;
				COPY_PHASE_STRIP = NO;
				DEBUG_INFORMATION_FORMAT = "dwarf-with-dsym";
				ENABLE_NS_ASSERTIONS = NO;
				ENABLE_STRICT_OBJC_MSGSEND = YES;
				GCC_C_LANGUAGE_STANDARD = gnu11;
				GCC_NO_COMMON_BLOCKS = YES;
				GCC_WARN_64_TO_32_BIT_CONVERSION = YES;
				GCC_WARN_ABOUT_RETURN_TYPE = YES_ERROR;
				GCC_WARN_UNDECLARED_SELECTOR = YES;
				GCC_WARN_UNINITIALIZED_AUTOS = YES_AGGRESSIVE;
				GCC_WARN_UNUSED_FUNCTION = YES;
				GCC_WARN_UNUSED_VARIABLE = YES;
				IPHONEOS_DEPLOYMENT_TARGET = 14.5;
				MTL_ENABLE_DEBUG_INFO = NO;
				MTL_FAST_MATH = YES;
				SDKROOT = iphoneos;
				SWIFT_COMPILATION_MODE = wholemodule;
				SWIFT_OPTIMIZATION_LEVEL = "-O";
				VALIDATE_PRODUCT = YES;
			};
			name = Release;
		};
		45D4324326D7B24B00B25A0E /* Debug */ = {
			isa = XCBuildConfiguration;
			buildSettings = {
				ASSETCATALOG_COMPILER_APPICON_NAME = AppIcon;
				ASSETCATALOG_COMPILER_GLOBAL_ACCENT_COLOR_NAME = AccentColor;
				CODE_SIGN_STYLE = Automatic;
				DEVELOPMENT_TEAM = 4L9MK9G9TT;
				INFOPLIST_FILE = myNote/Info.plist;
				LD_RUNPATH_SEARCH_PATHS = (
					"$(inherited)",
					"@executable_path/Frameworks",
				);
				PRODUCT_BUNDLE_IDENTIFIER = com.veljkobazalac.myNote;
				PRODUCT_NAME = "$(TARGET_NAME)";
				SWIFT_VERSION = 5.0;
				TARGETED_DEVICE_FAMILY = "1,2";
			};
			name = Debug;
		};
		45D4324426D7B24B00B25A0E /* Release */ = {
			isa = XCBuildConfiguration;
			buildSettings = {
				ASSETCATALOG_COMPILER_APPICON_NAME = AppIcon;
				ASSETCATALOG_COMPILER_GLOBAL_ACCENT_COLOR_NAME = AccentColor;
				CODE_SIGN_STYLE = Automatic;
				DEVELOPMENT_TEAM = 4L9MK9G9TT;
				INFOPLIST_FILE = myNote/Info.plist;
				LD_RUNPATH_SEARCH_PATHS = (
					"$(inherited)",
					"@executable_path/Frameworks",
				);
				PRODUCT_BUNDLE_IDENTIFIER = com.veljkobazalac.myNote;
				PRODUCT_NAME = "$(TARGET_NAME)";
				SWIFT_VERSION = 5.0;
				TARGETED_DEVICE_FAMILY = "1,2";
			};
			name = Release;
		};
/* End XCBuildConfiguration section */

/* Begin XCConfigurationList section */
		45D4322626D7B24100B25A0E /* Build configuration list for PBXProject "myNote" */ = {
			isa = XCConfigurationList;
			buildConfigurations = (
				45D4324026D7B24B00B25A0E /* Debug */,
				45D4324126D7B24B00B25A0E /* Release */,
			);
			defaultConfigurationIsVisible = 0;
			defaultConfigurationName = Release;
		};
		45D4324226D7B24B00B25A0E /* Build configuration list for PBXNativeTarget "myNote" */ = {
			isa = XCConfigurationList;
			buildConfigurations = (
				45D4324326D7B24B00B25A0E /* Debug */,
				45D4324426D7B24B00B25A0E /* Release */,
			);
			defaultConfigurationIsVisible = 0;
			defaultConfigurationName = Release;
		};
/* End XCConfigurationList section */

/* Begin XCVersionGroup section */
		45D4323726D7B24100B25A0E /* myNote.xcdatamodeld */ = {
			isa = XCVersionGroup;
			children = (
				45D4323826D7B24100B25A0E /* myNote.xcdatamodel */,
			);
			currentVersion = 45D4323826D7B24100B25A0E /* myNote.xcdatamodel */;
			path = myNote.xcdatamodeld;
			sourceTree = "<group>";
			versionGroupType = wrapper.xcdatamodel;
		};
/* End XCVersionGroup section */
	};
	rootObject = 45D4322326D7B24100B25A0E /* Project object */;
}
